// !$*UTF8*$!
{
	archiveVersion = 1;
	classes = {
	};
	objectVersion = 56;
	objects = {

/* Begin PBXBuildFile section */
		8C024D7F29C095F0005788BF /* HomeView.swift in Sources */ = {isa = PBXBuildFile; fileRef = 8C024D7E29C095F0005788BF /* HomeView.swift */; };
		8C024D8129C09756005788BF /* ContentView.swift in Sources */ = {isa = PBXBuildFile; fileRef = 8C024D8029C09756005788BF /* ContentView.swift */; };
		8C024D8629C1EFC2005788BF /* NewStarPost.swift in Sources */ = {isa = PBXBuildFile; fileRef = 8C024D8529C1EFC2005788BF /* NewStarPost.swift */; };
		8C024D8E29C2F02E005788BF /* MainView.swift in Sources */ = {isa = PBXBuildFile; fileRef = 8C024D8D29C2F02E005788BF /* MainView.swift */; };
		8C024D9029C2F1B7005788BF /* ProfileView.swift in Sources */ = {isa = PBXBuildFile; fileRef = 8C024D8F29C2F1B7005788BF /* ProfileView.swift */; };
		8C024D9529C300F4005788BF /* ProfileFilterViewModel.swift in Sources */ = {isa = PBXBuildFile; fileRef = 8C024D9429C300F4005788BF /* ProfileFilterViewModel.swift */; };
		8C024D9A29C42936005788BF /* SearchView.swift in Sources */ = {isa = PBXBuildFile; fileRef = 8C024D9929C42936005788BF /* SearchView.swift */; };
		8C024D9C29C429AC005788BF /* UserRowProfile.swift in Sources */ = {isa = PBXBuildFile; fileRef = 8C024D9B29C429AC005788BF /* UserRowProfile.swift */; };
		8C024DA629C43B7D005788BF /* SideMenuView.swift in Sources */ = {isa = PBXBuildFile; fileRef = 8C024DA529C43B7D005788BF /* SideMenuView.swift */; };
		8C024DA829C4522C005788BF /* SideMenuViewModel.swift in Sources */ = {isa = PBXBuildFile; fileRef = 8C024DA729C4522C005788BF /* SideMenuViewModel.swift */; };
		8C024DAA29C47A34005788BF /* UserStatsView.swift in Sources */ = {isa = PBXBuildFile; fileRef = 8C024DA929C47A34005788BF /* UserStatsView.swift */; };
		8C024DAC29C488E1005788BF /* HomeViewModel.swift in Sources */ = {isa = PBXBuildFile; fileRef = 8C024DAB29C488E1005788BF /* HomeViewModel.swift */; };
		8C024DAE29C48C06005788BF /* HomeContentView.swift in Sources */ = {isa = PBXBuildFile; fileRef = 8C024DAD29C48C06005788BF /* HomeContentView.swift */; };
		8CBB341729BEF93F00B98E4A /* MixSpaceApp.swift in Sources */ = {isa = PBXBuildFile; fileRef = 8CBB341629BEF93F00B98E4A /* MixSpaceApp.swift */; };
		8CBB341929BEF93F00B98E4A /* LoginView.swift in Sources */ = {isa = PBXBuildFile; fileRef = 8CBB341829BEF93F00B98E4A /* LoginView.swift */; };
		8CBB341B29BEF94100B98E4A /* Assets.xcassets in Resources */ = {isa = PBXBuildFile; fileRef = 8CBB341A29BEF94100B98E4A /* Assets.xcassets */; };
		8CBB341E29BEF94100B98E4A /* Preview Assets.xcassets in Resources */ = {isa = PBXBuildFile; fileRef = 8CBB341D29BEF94100B98E4A /* Preview Assets.xcassets */; };
		8CBB344829BF3DE300B98E4A /* GoogleSignIn in Frameworks */ = {isa = PBXBuildFile; productRef = 8CBB344729BF3DE300B98E4A /* GoogleSignIn */; };
		8CBB344A29BF3DE300B98E4A /* GoogleSignInSwift in Frameworks */ = {isa = PBXBuildFile; productRef = 8CBB344929BF3DE300B98E4A /* GoogleSignInSwift */; };
		8CBB344F29BF3EBA00B98E4A /* GoogleService-Info.plist in Resources */ = {isa = PBXBuildFile; fileRef = 8CBB344E29BF3EBA00B98E4A /* GoogleService-Info.plist */; };
		8CBB345429BF5AA800B98E4A /* LoginViewModel.swift in Sources */ = {isa = PBXBuildFile; fileRef = 8CBB345329BF5AA800B98E4A /* LoginViewModel.swift */; };
		8CBB345729C0455A00B98E4A /* FirebaseAuth in Frameworks */ = {isa = PBXBuildFile; productRef = 8CBB345629C0455A00B98E4A /* FirebaseAuth */; };
		8CBB345929C0455A00B98E4A /* FirebaseFirestore in Frameworks */ = {isa = PBXBuildFile; productRef = 8CBB345829C0455A00B98E4A /* FirebaseFirestore */; };
		8CBB345B29C0455A00B98E4A /* FirebaseStorage in Frameworks */ = {isa = PBXBuildFile; productRef = 8CBB345A29C0455A00B98E4A /* FirebaseStorage */; };
/* End PBXBuildFile section */

/* Begin PBXFileReference section */
		8C024D7E29C095F0005788BF /* HomeView.swift */ = {isa = PBXFileReference; lastKnownFileType = sourcecode.swift; path = HomeView.swift; sourceTree = "<group>"; };
		8C024D8029C09756005788BF /* ContentView.swift */ = {isa = PBXFileReference; lastKnownFileType = sourcecode.swift; path = ContentView.swift; sourceTree = "<group>"; };
		8C024D8529C1EFC2005788BF /* NewStarPost.swift */ = {isa = PBXFileReference; lastKnownFileType = sourcecode.swift; path = NewStarPost.swift; sourceTree = "<group>"; };
		8C024D8D29C2F02E005788BF /* MainView.swift */ = {isa = PBXFileReference; lastKnownFileType = sourcecode.swift; path = MainView.swift; sourceTree = "<group>"; };
		8C024D8F29C2F1B7005788BF /* ProfileView.swift */ = {isa = PBXFileReference; lastKnownFileType = sourcecode.swift; path = ProfileView.swift; sourceTree = "<group>"; };
		8C024D9429C300F4005788BF /* ProfileFilterViewModel.swift */ = {isa = PBXFileReference; lastKnownFileType = sourcecode.swift; path = ProfileFilterViewModel.swift; sourceTree = "<group>"; };
		8C024D9929C42936005788BF /* SearchView.swift */ = {isa = PBXFileReference; lastKnownFileType = sourcecode.swift; path = SearchView.swift; sourceTree = "<group>"; };
		8C024D9B29C429AC005788BF /* UserRowProfile.swift */ = {isa = PBXFileReference; lastKnownFileType = sourcecode.swift; path = UserRowProfile.swift; sourceTree = "<group>"; };
		8C024DA529C43B7D005788BF /* SideMenuView.swift */ = {isa = PBXFileReference; lastKnownFileType = sourcecode.swift; path = SideMenuView.swift; sourceTree = "<group>"; };
		8C024DA729C4522C005788BF /* SideMenuViewModel.swift */ = {isa = PBXFileReference; lastKnownFileType = sourcecode.swift; path = SideMenuViewModel.swift; sourceTree = "<group>"; };
		8C024DA929C47A34005788BF /* UserStatsView.swift */ = {isa = PBXFileReference; lastKnownFileType = sourcecode.swift; path = UserStatsView.swift; sourceTree = "<group>"; };
		8C024DAB29C488E1005788BF /* HomeViewModel.swift */ = {isa = PBXFileReference; lastKnownFileType = sourcecode.swift; path = HomeViewModel.swift; sourceTree = "<group>"; };
		8C024DAD29C48C06005788BF /* HomeContentView.swift */ = {isa = PBXFileReference; lastKnownFileType = sourcecode.swift; path = HomeContentView.swift; sourceTree = "<group>"; };
		8CBB341329BEF93F00B98E4A /* MixSpace.app */ = {isa = PBXFileReference; explicitFileType = wrapper.application; includeInIndex = 0; path = MixSpace.app; sourceTree = BUILT_PRODUCTS_DIR; };
		8CBB341629BEF93F00B98E4A /* MixSpaceApp.swift */ = {isa = PBXFileReference; lastKnownFileType = sourcecode.swift; path = MixSpaceApp.swift; sourceTree = "<group>"; };
		8CBB341829BEF93F00B98E4A /* LoginView.swift */ = {isa = PBXFileReference; lastKnownFileType = sourcecode.swift; path = LoginView.swift; sourceTree = "<group>"; };
		8CBB341A29BEF94100B98E4A /* Assets.xcassets */ = {isa = PBXFileReference; lastKnownFileType = folder.assetcatalog; path = Assets.xcassets; sourceTree = "<group>"; };
		8CBB341D29BEF94100B98E4A /* Preview Assets.xcassets */ = {isa = PBXFileReference; lastKnownFileType = folder.assetcatalog; path = "Preview Assets.xcassets"; sourceTree = "<group>"; };
		8CBB344E29BF3EBA00B98E4A /* GoogleService-Info.plist */ = {isa = PBXFileReference; fileEncoding = 4; lastKnownFileType = text.plist.xml; path = "GoogleService-Info.plist"; sourceTree = "<group>"; };
		8CBB345029BF451D00B98E4A /* MixSpace.entitlements */ = {isa = PBXFileReference; lastKnownFileType = text.plist.entitlements; path = MixSpace.entitlements; sourceTree = "<group>"; };
		8CBB345329BF5AA800B98E4A /* LoginViewModel.swift */ = {isa = PBXFileReference; lastKnownFileType = sourcecode.swift; path = LoginViewModel.swift; sourceTree = "<group>"; };
/* End PBXFileReference section */

/* Begin PBXFrameworksBuildPhase section */
		8CBB341029BEF93F00B98E4A /* Frameworks */ = {
			isa = PBXFrameworksBuildPhase;
			buildActionMask = 2147483647;
			files = (
				8CBB344829BF3DE300B98E4A /* GoogleSignIn in Frameworks */,
				8CBB345929C0455A00B98E4A /* FirebaseFirestore in Frameworks */,
				8CBB345729C0455A00B98E4A /* FirebaseAuth in Frameworks */,
				8CBB345B29C0455A00B98E4A /* FirebaseStorage in Frameworks */,
				8CBB344A29BF3DE300B98E4A /* GoogleSignInSwift in Frameworks */,
			);
			runOnlyForDeploymentPostprocessing = 0;
		};
/* End PBXFrameworksBuildPhase section */

/* Begin PBXGroup section */
		8C024D8429C1EF3A005788BF /* Components */ = {
			isa = PBXGroup;
			children = (
				8C024D8529C1EFC2005788BF /* NewStarPost.swift */,
				8C024D9B29C429AC005788BF /* UserRowProfile.swift */,
				8C024DA929C47A34005788BF /* UserStatsView.swift */,
			);
			path = Components;
			sourceTree = "<group>";
		};
		8C024D9129C300BB005788BF /* Profile */ = {
			isa = PBXGroup;
			children = (
				8C024D9229C300C3005788BF /* View */,
				8C024D9329C300CB005788BF /* ViewModel */,
			);
			path = Profile;
			sourceTree = "<group>";
		};
		8C024D9229C300C3005788BF /* View */ = {
			isa = PBXGroup;
			children = (
				8C024D8F29C2F1B7005788BF /* ProfileView.swift */,
			);
			path = View;
			sourceTree = "<group>";
		};
		8C024D9329C300CB005788BF /* ViewModel */ = {
			isa = PBXGroup;
			children = (
				8C024D9429C300F4005788BF /* ProfileFilterViewModel.swift */,
			);
			path = ViewModel;
			sourceTree = "<group>";
		};
		8C024D9729C42900005788BF /* Search */ = {
			isa = PBXGroup;
			children = (
				8C024D9829C42920005788BF /* View */,
			);
			path = Search;
			sourceTree = "<group>";
		};
		8C024D9829C42920005788BF /* View */ = {
			isa = PBXGroup;
			children = (
				8C024D9929C42936005788BF /* SearchView.swift */,
			);
			path = View;
			sourceTree = "<group>";
		};
		8C024D9D29C434A8005788BF /* Login */ = {
			isa = PBXGroup;
			children = (
				8C024D9E29C434AF005788BF /* View */,
				8C024D9F29C434B8005788BF /* ViewModel */,
			);
			path = Login;
			sourceTree = "<group>";
		};
		8C024D9E29C434AF005788BF /* View */ = {
			isa = PBXGroup;
			children = (
				8CBB341829BEF93F00B98E4A /* LoginView.swift */,
			);
			path = View;
			sourceTree = "<group>";
		};
		8C024D9F29C434B8005788BF /* ViewModel */ = {
			isa = PBXGroup;
			children = (
				8CBB345329BF5AA800B98E4A /* LoginViewModel.swift */,
			);
			path = ViewModel;
			sourceTree = "<group>";
		};
		8C024DA029C434EE005788BF /* Main */ = {
			isa = PBXGroup;
			children = (
				8C024D8D29C2F02E005788BF /* MainView.swift */,
			);
			path = Main;
			sourceTree = "<group>";
		};
		8C024DA129C434FC005788BF /* Home */ = {
			isa = PBXGroup;
			children = (
				8C024D7E29C095F0005788BF /* HomeView.swift */,
				8C024DAB29C488E1005788BF /* HomeViewModel.swift */,
			);
			path = Home;
			sourceTree = "<group>";
		};
		8C024DA229C43B24005788BF /* SideMenu */ = {
			isa = PBXGroup;
			children = (
				8C024DA329C43B4C005788BF /* View */,
				8C024DA429C43B52005788BF /* ViewModel */,
			);
			path = SideMenu;
			sourceTree = "<group>";
		};
		8C024DA329C43B4C005788BF /* View */ = {
			isa = PBXGroup;
			children = (
				8C024DA529C43B7D005788BF /* SideMenuView.swift */,
			);
			path = View;
			sourceTree = "<group>";
		};
		8C024DA429C43B52005788BF /* ViewModel */ = {
			isa = PBXGroup;
			children = (
				8C024DA729C4522C005788BF /* SideMenuViewModel.swift */,
			);
			path = ViewModel;
			sourceTree = "<group>";
		};
		8CBB340A29BEF93F00B98E4A = {
			isa = PBXGroup;
			children = (
				8CBB341529BEF93F00B98E4A /* MixSpace */,
				8CBB341429BEF93F00B98E4A /* Products */,
			);
			sourceTree = "<group>";
		};
		8CBB341429BEF93F00B98E4A /* Products */ = {
			isa = PBXGroup;
			children = (
				8CBB341329BEF93F00B98E4A /* MixSpace.app */,
			);
			name = Products;
			sourceTree = "<group>";
		};
		8CBB341529BEF93F00B98E4A /* MixSpace */ = {
			isa = PBXGroup;
			children = (
				8CBB341629BEF93F00B98E4A /* MixSpaceApp.swift */,
				8C024D8029C09756005788BF /* ContentView.swift */,
				8C024DAD29C48C06005788BF /* HomeContentView.swift */,
				8CBB345129BF5A7C00B98E4A /* View */,
				8C024D8429C1EF3A005788BF /* Components */,
				8CBB341A29BEF94100B98E4A /* Assets.xcassets */,
				8CBB345029BF451D00B98E4A /* MixSpace.entitlements */,
				8CBB344E29BF3EBA00B98E4A /* GoogleService-Info.plist */,
				8CBB341C29BEF94100B98E4A /* Preview Content */,
			);
			path = MixSpace;
			sourceTree = "<group>";
		};
		8CBB341C29BEF94100B98E4A /* Preview Content */ = {
			isa = PBXGroup;
			children = (
				8CBB341D29BEF94100B98E4A /* Preview Assets.xcassets */,
			);
			path = "Preview Content";
			sourceTree = "<group>";
		};
		8CBB345129BF5A7C00B98E4A /* View */ = {
			isa = PBXGroup;
			children = (
				8C024D9D29C434A8005788BF /* Login */,
				8C024DA029C434EE005788BF /* Main */,
				8C024DA129C434FC005788BF /* Home */,
				8C024D9729C42900005788BF /* Search */,
				8C024D9129C300BB005788BF /* Profile */,
				8C024DA229C43B24005788BF /* SideMenu */,
			);
			path = View;
			sourceTree = "<group>";
		};
/* End PBXGroup section */

/* Begin PBXNativeTarget section */
		8CBB341229BEF93F00B98E4A /* MixSpace */ = {
			isa = PBXNativeTarget;
			buildConfigurationList = 8CBB342129BEF94100B98E4A /* Build configuration list for PBXNativeTarget "MixSpace" */;
			buildPhases = (
				8CBB340F29BEF93F00B98E4A /* Sources */,
				8CBB341029BEF93F00B98E4A /* Frameworks */,
				8CBB341129BEF93F00B98E4A /* Resources */,
			);
			buildRules = (
			);
			dependencies = (
			);
			name = MixSpace;
			packageProductDependencies = (
				8CBB344729BF3DE300B98E4A /* GoogleSignIn */,
				8CBB344929BF3DE300B98E4A /* GoogleSignInSwift */,
				8CBB345629C0455A00B98E4A /* FirebaseAuth */,
				8CBB345829C0455A00B98E4A /* FirebaseFirestore */,
				8CBB345A29C0455A00B98E4A /* FirebaseStorage */,
			);
			productName = MixSpace;
			productReference = 8CBB341329BEF93F00B98E4A /* MixSpace.app */;
			productType = "com.apple.product-type.application";
		};
/* End PBXNativeTarget section */

/* Begin PBXProject section */
		8CBB340B29BEF93F00B98E4A /* Project object */ = {
			isa = PBXProject;
			attributes = {
				BuildIndependentTargetsInParallel = 1;
				LastSwiftUpdateCheck = 1420;
				LastUpgradeCheck = 1420;
				TargetAttributes = {
					8CBB341229BEF93F00B98E4A = {
						CreatedOnToolsVersion = 14.2;
					};
				};
			};
			buildConfigurationList = 8CBB340E29BEF93F00B98E4A /* Build configuration list for PBXProject "MixSpace" */;
			compatibilityVersion = "Xcode 14.0";
			developmentRegion = en;
			hasScannedForEncodings = 0;
			knownRegions = (
				en,
				Base,
			);
			mainGroup = 8CBB340A29BEF93F00B98E4A;
			packageReferences = (
				8CBB344629BF3DE300B98E4A /* XCRemoteSwiftPackageReference "GoogleSignIn-iOS" */,
				8CBB345529C0455A00B98E4A /* XCRemoteSwiftPackageReference "firebase-ios-sdk" */,
			);
			productRefGroup = 8CBB341429BEF93F00B98E4A /* Products */;
			projectDirPath = "";
			projectRoot = "";
			targets = (
				8CBB341229BEF93F00B98E4A /* MixSpace */,
			);
		};
/* End PBXProject section */

/* Begin PBXResourcesBuildPhase section */
		8CBB341129BEF93F00B98E4A /* Resources */ = {
			isa = PBXResourcesBuildPhase;
			buildActionMask = 2147483647;
			files = (
				8CBB341E29BEF94100B98E4A /* Preview Assets.xcassets in Resources */,
				8CBB341B29BEF94100B98E4A /* Assets.xcassets in Resources */,
				8CBB344F29BF3EBA00B98E4A /* GoogleService-Info.plist in Resources */,
			);
			runOnlyForDeploymentPostprocessing = 0;
		};
/* End PBXResourcesBuildPhase section */

/* Begin PBXSourcesBuildPhase section */
		8CBB340F29BEF93F00B98E4A /* Sources */ = {
			isa = PBXSourcesBuildPhase;
			buildActionMask = 2147483647;
			files = (
				8C024D9A29C42936005788BF /* SearchView.swift in Sources */,
				8C024D9029C2F1B7005788BF /* ProfileView.swift in Sources */,
				8CBB341929BEF93F00B98E4A /* LoginView.swift in Sources */,
				8C024D8E29C2F02E005788BF /* MainView.swift in Sources */,
				8C024D9529C300F4005788BF /* ProfileFilterViewModel.swift in Sources */,
				8C024D8129C09756005788BF /* ContentView.swift in Sources */,
				8C024DA629C43B7D005788BF /* SideMenuView.swift in Sources */,
				8C024DAA29C47A34005788BF /* UserStatsView.swift in Sources */,
				8C024D7F29C095F0005788BF /* HomeView.swift in Sources */,
				8C024DA829C4522C005788BF /* SideMenuViewModel.swift in Sources */,
				8CBB341729BEF93F00B98E4A /* MixSpaceApp.swift in Sources */,
				8C024D8629C1EFC2005788BF /* NewStarPost.swift in Sources */,
				8CBB345429BF5AA800B98E4A /* LoginViewModel.swift in Sources */,
				8C024DAC29C488E1005788BF /* HomeViewModel.swift in Sources */,
				8C024D9C29C429AC005788BF /* UserRowProfile.swift in Sources */,
				8C024DAE29C48C06005788BF /* HomeContentView.swift in Sources */,
			);
			runOnlyForDeploymentPostprocessing = 0;
		};
/* End PBXSourcesBuildPhase section */

/* Begin XCBuildConfiguration section */
		8CBB341F29BEF94100B98E4A /* Debug */ = {
			isa = XCBuildConfiguration;
			buildSettings = {
				ALWAYS_SEARCH_USER_PATHS = NO;
				CLANG_ANALYZER_NONNULL = YES;
				CLANG_ANALYZER_NUMBER_OBJECT_CONVERSION = YES_AGGRESSIVE;
				CLANG_CXX_LANGUAGE_STANDARD = "gnu++20";
				CLANG_ENABLE_MODULES = YES;
				CLANG_ENABLE_OBJC_ARC = YES;
				CLANG_ENABLE_OBJC_WEAK = YES;
				CLANG_WARN_BLOCK_CAPTURE_AUTORELEASING = YES;
				CLANG_WARN_BOOL_CONVERSION = YES;
				CLANG_WARN_COMMA = YES;
				CLANG_WARN_CONSTANT_CONVERSION = YES;
				CLANG_WARN_DEPRECATED_OBJC_IMPLEMENTATIONS = YES;
				CLANG_WARN_DIRECT_OBJC_ISA_USAGE = YES_ERROR;
				CLANG_WARN_DOCUMENTATION_COMMENTS = YES;
				CLANG_WARN_EMPTY_BODY = YES;
				CLANG_WARN_ENUM_CONVERSION = YES;
				CLANG_WARN_INFINITE_RECURSION = YES;
				CLANG_WARN_INT_CONVERSION = YES;
				CLANG_WARN_NON_LITERAL_NULL_CONVERSION = YES;
				CLANG_WARN_OBJC_IMPLICIT_RETAIN_SELF = YES;
				CLANG_WARN_OBJC_LITERAL_CONVERSION = YES;
				CLANG_WARN_OBJC_ROOT_CLASS = YES_ERROR;
				CLANG_WARN_QUOTED_INCLUDE_IN_FRAMEWORK_HEADER = YES;
				CLANG_WARN_RANGE_LOOP_ANALYSIS = YES;
				CLANG_WARN_STRICT_PROTOTYPES = YES;
				CLANG_WARN_SUSPICIOUS_MOVE = YES;
				CLANG_WARN_UNGUARDED_AVAILABILITY = YES_AGGRESSIVE;
				CLANG_WARN_UNREACHABLE_CODE = YES;
				CLANG_WARN__DUPLICATE_METHOD_MATCH = YES;
				COPY_PHASE_STRIP = NO;
				DEBUG_INFORMATION_FORMAT = dwarf;
				ENABLE_STRICT_OBJC_MSGSEND = YES;
				ENABLE_TESTABILITY = YES;
				GCC_C_LANGUAGE_STANDARD = gnu11;
				GCC_DYNAMIC_NO_PIC = NO;
				GCC_NO_COMMON_BLOCKS = YES;
				GCC_OPTIMIZATION_LEVEL = 0;
				GCC_PREPROCESSOR_DEFINITIONS = (
					"DEBUG=1",
					"$(inherited)",
				);
				GCC_WARN_64_TO_32_BIT_CONVERSION = YES;
				GCC_WARN_ABOUT_RETURN_TYPE = YES_ERROR;
				GCC_WARN_UNDECLARED_SELECTOR = YES;
				GCC_WARN_UNINITIALIZED_AUTOS = YES_AGGRESSIVE;
				GCC_WARN_UNUSED_FUNCTION = YES;
				GCC_WARN_UNUSED_VARIABLE = YES;
				IPHONEOS_DEPLOYMENT_TARGET = 16.2;
				MTL_ENABLE_DEBUG_INFO = INCLUDE_SOURCE;
				MTL_FAST_MATH = YES;
				ONLY_ACTIVE_ARCH = YES;
				SDKROOT = iphoneos;
				SWIFT_ACTIVE_COMPILATION_CONDITIONS = DEBUG;
				SWIFT_OPTIMIZATION_LEVEL = "-Onone";
			};
			name = Debug;
		};
		8CBB342029BEF94100B98E4A /* Release */ = {
			isa = XCBuildConfiguration;
			buildSettings = {
				ALWAYS_SEARCH_USER_PATHS = NO;
				CLANG_ANALYZER_NONNULL = YES;
				CLANG_ANALYZER_NUMBER_OBJECT_CONVERSION = YES_AGGRESSIVE;
				CLANG_CXX_LANGUAGE_STANDARD = "gnu++20";
				CLANG_ENABLE_MODULES = YES;
				CLANG_ENABLE_OBJC_ARC = YES;
				CLANG_ENABLE_OBJC_WEAK = YES;
				CLANG_WARN_BLOCK_CAPTURE_AUTORELEASING = YES;
				CLANG_WARN_BOOL_CONVERSION = YES;
				CLANG_WARN_COMMA = YES;
				CLANG_WARN_CONSTANT_CONVERSION = YES;
				CLANG_WARN_DEPRECATED_OBJC_IMPLEMENTATIONS = YES;
				CLANG_WARN_DIRECT_OBJC_ISA_USAGE = YES_ERROR;
				CLANG_WARN_DOCUMENTATION_COMMENTS = YES;
				CLANG_WARN_EMPTY_BODY = YES;
				CLANG_WARN_ENUM_CONVERSION = YES;
				CLANG_WARN_INFINITE_RECURSION = YES;
				CLANG_WARN_INT_CONVERSION = YES;
				CLANG_WARN_NON_LITERAL_NULL_CONVERSION = YES;
				CLANG_WARN_OBJC_IMPLICIT_RETAIN_SELF = YES;
				CLANG_WARN_OBJC_LITERAL_CONVERSION = YES;
				CLANG_WARN_OBJC_ROOT_CLASS = YES_ERROR;
				CLANG_WARN_QUOTED_INCLUDE_IN_FRAMEWORK_HEADER = YES;
				CLANG_WARN_RANGE_LOOP_ANALYSIS = YES;
				CLANG_WARN_STRICT_PROTOTYPES = YES;
				CLANG_WARN_SUSPICIOUS_MOVE = YES;
				CLANG_WARN_UNGUARDED_AVAILABILITY = YES_AGGRESSIVE;
				CLANG_WARN_UNREACHABLE_CODE = YES;
				CLANG_WARN__DUPLICATE_METHOD_MATCH = YES;
				COPY_PHASE_STRIP = NO;
				DEBUG_INFORMATION_FORMAT = "dwarf-with-dsym";
				ENABLE_NS_ASSERTIONS = NO;
				ENABLE_STRICT_OBJC_MSGSEND = YES;
				GCC_C_LANGUAGE_STANDARD = gnu11;
				GCC_NO_COMMON_BLOCKS = YES;
				GCC_WARN_64_TO_32_BIT_CONVERSION = YES;
				GCC_WARN_ABOUT_RETURN_TYPE = YES_ERROR;
				GCC_WARN_UNDECLARED_SELECTOR = YES;
				GCC_WARN_UNINITIALIZED_AUTOS = YES_AGGRESSIVE;
				GCC_WARN_UNUSED_FUNCTION = YES;
				GCC_WARN_UNUSED_VARIABLE = YES;
				IPHONEOS_DEPLOYMENT_TARGET = 16.2;
				MTL_ENABLE_DEBUG_INFO = NO;
				MTL_FAST_MATH = YES;
				SDKROOT = iphoneos;
				SWIFT_COMPILATION_MODE = wholemodule;
				SWIFT_OPTIMIZATION_LEVEL = "-O";
				VALIDATE_PRODUCT = YES;
			};
			name = Release;
		};
		8CBB342229BEF94100B98E4A /* Debug */ = {
			isa = XCBuildConfiguration;
			buildSettings = {
				ASSETCATALOG_COMPILER_APPICON_NAME = AppIcon;
				ASSETCATALOG_COMPILER_GLOBAL_ACCENT_COLOR_NAME = AccentColor;
				CODE_SIGN_ENTITLEMENTS = MixSpace/MixSpace.entitlements;
				CODE_SIGN_STYLE = Automatic;
				CURRENT_PROJECT_VERSION = 1;
				DEVELOPMENT_ASSET_PATHS = "\"MixSpace/Preview Content\"";
				DEVELOPMENT_TEAM = AH24YSXN5M;
				ENABLE_PREVIEWS = YES;
				GENERATE_INFOPLIST_FILE = YES;
				INFOPLIST_KEY_UIApplicationSceneManifest_Generation = YES;
				INFOPLIST_KEY_UIApplicationSupportsIndirectInputEvents = YES;
				INFOPLIST_KEY_UILaunchScreen_Generation = YES;
				INFOPLIST_KEY_UISupportedInterfaceOrientations = "UIInterfaceOrientationLandscapeLeft UIInterfaceOrientationLandscapeRight UIInterfaceOrientationPortrait";
				INFOPLIST_KEY_UISupportedInterfaceOrientations_iPad = "UIInterfaceOrientationLandscapeLeft UIInterfaceOrientationLandscapeRight UIInterfaceOrientationPortrait UIInterfaceOrientationPortraitUpsideDown";
				IPHONEOS_DEPLOYMENT_TARGET = 14.0;
				LD_RUNPATH_SEARCH_PATHS = (
					"$(inherited)",
					"@executable_path/Frameworks",
				);
				MARKETING_VERSION = 1.0;
				PRODUCT_BUNDLE_IDENTIFIER = com.kang.MixSpace;
				PRODUCT_NAME = "$(TARGET_NAME)";
				SWIFT_EMIT_LOC_STRINGS = YES;
				SWIFT_VERSION = 5.0;
				TARGETED_DEVICE_FAMILY = "1,2";
			};
			name = Debug;
		};
		8CBB342329BEF94100B98E4A /* Release */ = {
			isa = XCBuildConfiguration;
			buildSettings = {
				ASSETCATALOG_COMPILER_APPICON_NAME = AppIcon;
				ASSETCATALOG_COMPILER_GLOBAL_ACCENT_COLOR_NAME = AccentColor;
				CODE_SIGN_ENTITLEMENTS = MixSpace/MixSpace.entitlements;
				CODE_SIGN_STYLE = Automatic;
				CURRENT_PROJECT_VERSION = 1;
				DEVELOPMENT_ASSET_PATHS = "\"MixSpace/Preview Content\"";
				DEVELOPMENT_TEAM = AH24YSXN5M;
				ENABLE_PREVIEWS = YES;
				GENERATE_INFOPLIST_FILE = YES;
				INFOPLIST_KEY_UIApplicationSceneManifest_Generation = YES;
				INFOPLIST_KEY_UIApplicationSupportsIndirectInputEvents = YES;
				INFOPLIST_KEY_UILaunchScreen_Generation = YES;
				INFOPLIST_KEY_UISupportedInterfaceOrientations = "UIInterfaceOrientationLandscapeLeft UIInterfaceOrientationLandscapeRight UIInterfaceOrientationPortrait";
				INFOPLIST_KEY_UISupportedInterfaceOrientations_iPad = "UIInterfaceOrientationLandscapeLeft UIInterfaceOrientationLandscapeRight UIInterfaceOrientationPortrait UIInterfaceOrientationPortraitUpsideDown";
				IPHONEOS_DEPLOYMENT_TARGET = 14.0;
				LD_RUNPATH_SEARCH_PATHS = (
					"$(inherited)",
					"@executable_path/Frameworks",
				);
				MARKETING_VERSION = 1.0;
				PRODUCT_BUNDLE_IDENTIFIER = com.kang.MixSpace;
				PRODUCT_NAME = "$(TARGET_NAME)";
				SWIFT_EMIT_LOC_STRINGS = YES;
				SWIFT_VERSION = 5.0;
				TARGETED_DEVICE_FAMILY = "1,2";
			};
			name = Release;
		};
/* End XCBuildConfiguration section */

/* Begin XCConfigurationList section */
		8CBB340E29BEF93F00B98E4A /* Build configuration list for PBXProject "MixSpace" */ = {
			isa = XCConfigurationList;
			buildConfigurations = (
				8CBB341F29BEF94100B98E4A /* Debug */,
				8CBB342029BEF94100B98E4A /* Release */,
			);
			defaultConfigurationIsVisible = 0;
			defaultConfigurationName = Release;
		};
		8CBB342129BEF94100B98E4A /* Build configuration list for PBXNativeTarget "MixSpace" */ = {
			isa = XCConfigurationList;
			buildConfigurations = (
				8CBB342229BEF94100B98E4A /* Debug */,
				8CBB342329BEF94100B98E4A /* Release */,
			);
			defaultConfigurationIsVisible = 0;
			defaultConfigurationName = Release;
		};
/* End XCConfigurationList section */

/* Begin XCRemoteSwiftPackageReference section */
		8CBB344629BF3DE300B98E4A /* XCRemoteSwiftPackageReference "GoogleSignIn-iOS" */ = {
			isa = XCRemoteSwiftPackageReference;
			repositoryURL = "https://github.com/google/GoogleSignIn-iOS";
			requirement = {
				kind = upToNextMajorVersion;
				minimumVersion = 7.0.0;
			};
		};
		8CBB345529C0455A00B98E4A /* XCRemoteSwiftPackageReference "firebase-ios-sdk" */ = {
			isa = XCRemoteSwiftPackageReference;
			repositoryURL = "https://github.com/firebase/firebase-ios-sdk.git";
			requirement = {
				kind = upToNextMajorVersion;
				minimumVersion = 9.0.0;
			};
		};
/* End XCRemoteSwiftPackageReference section */

/* Begin XCSwiftPackageProductDependency section */
		8CBB344729BF3DE300B98E4A /* GoogleSignIn */ = {
			isa = XCSwiftPackageProductDependency;
			package = 8CBB344629BF3DE300B98E4A /* XCRemoteSwiftPackageReference "GoogleSignIn-iOS" */;
			productName = GoogleSignIn;
		};
		8CBB344929BF3DE300B98E4A /* GoogleSignInSwift */ = {
			isa = XCSwiftPackageProductDependency;
			package = 8CBB344629BF3DE300B98E4A /* XCRemoteSwiftPackageReference "GoogleSignIn-iOS" */;
			productName = GoogleSignInSwift;
		};
		8CBB345629C0455A00B98E4A /* FirebaseAuth */ = {
			isa = XCSwiftPackageProductDependency;
			package = 8CBB345529C0455A00B98E4A /* XCRemoteSwiftPackageReference "firebase-ios-sdk" */;
			productName = FirebaseAuth;
		};
		8CBB345829C0455A00B98E4A /* FirebaseFirestore */ = {
			isa = XCSwiftPackageProductDependency;
			package = 8CBB345529C0455A00B98E4A /* XCRemoteSwiftPackageReference "firebase-ios-sdk" */;
			productName = FirebaseFirestore;
		};
		8CBB345A29C0455A00B98E4A /* FirebaseStorage */ = {
			isa = XCSwiftPackageProductDependency;
			package = 8CBB345529C0455A00B98E4A /* XCRemoteSwiftPackageReference "firebase-ios-sdk" */;
			productName = FirebaseStorage;
		};
/* End XCSwiftPackageProductDependency section */
	};
	rootObject = 8CBB340B29BEF93F00B98E4A /* Project object */;
}
