// !$*UTF8*$!
{
	archiveVersion = 1;
	classes = {
	};
	objectVersion = 56;
	objects = {

/* Begin PBXBuildFile section */
		8C024D7F29C095F0005788BF /* HomeView.swift in Sources */ = {isa = PBXBuildFile; fileRef = 8C024D7E29C095F0005788BF /* HomeView.swift */; };
		8C024D8129C09756005788BF /* ContentView.swift in Sources */ = {isa = PBXBuildFile; fileRef = 8C024D8029C09756005788BF /* ContentView.swift */; };
		8C024D8629C1EFC2005788BF /* NewPost.swift in Sources */ = {isa = PBXBuildFile; fileRef = 8C024D8529C1EFC2005788BF /* NewPost.swift */; };
		8C024D8E29C2F02E005788BF /* MainView.swift in Sources */ = {isa = PBXBuildFile; fileRef = 8C024D8D29C2F02E005788BF /* MainView.swift */; };
		8C024D9029C2F1B7005788BF /* ProfileView.swift in Sources */ = {isa = PBXBuildFile; fileRef = 8C024D8F29C2F1B7005788BF /* ProfileView.swift */; };
		8C024D9529C300F4005788BF /* ProfileFilterViewModel.swift in Sources */ = {isa = PBXBuildFile; fileRef = 8C024D9429C300F4005788BF /* ProfileFilterViewModel.swift */; };
		8C024D9A29C42936005788BF /* SearchView.swift in Sources */ = {isa = PBXBuildFile; fileRef = 8C024D9929C42936005788BF /* SearchView.swift */; };
		8C024D9C29C429AC005788BF /* UserRowProfile.swift in Sources */ = {isa = PBXBuildFile; fileRef = 8C024D9B29C429AC005788BF /* UserRowProfile.swift */; };
		8C024DA629C43B7D005788BF /* SideMenuView.swift in Sources */ = {isa = PBXBuildFile; fileRef = 8C024DA529C43B7D005788BF /* SideMenuView.swift */; };
		8C024DA829C4522C005788BF /* SideMenuOptionViewModel.swift in Sources */ = {isa = PBXBuildFile; fileRef = 8C024DA729C4522C005788BF /* SideMenuOptionViewModel.swift */; };
		8C024DAA29C47A34005788BF /* UserStatsView.swift in Sources */ = {isa = PBXBuildFile; fileRef = 8C024DA929C47A34005788BF /* UserStatsView.swift */; };
		8C024DAC29C488E1005788BF /* HomeViewModel.swift in Sources */ = {isa = PBXBuildFile; fileRef = 8C024DAB29C488E1005788BF /* HomeViewModel.swift */; };
		8C024DAE29C48C06005788BF /* HomeContentView.swift in Sources */ = {isa = PBXBuildFile; fileRef = 8C024DAD29C48C06005788BF /* HomeContentView.swift */; };
		8C024DB229C5AD14005788BF /* SideMenuOptionView.swift in Sources */ = {isa = PBXBuildFile; fileRef = 8C024DB129C5AD14005788BF /* SideMenuOptionView.swift */; };
		8C024DB429C5F2BE005788BF /* SideMenuViewModel.swift in Sources */ = {isa = PBXBuildFile; fileRef = 8C024DB329C5F2BE005788BF /* SideMenuViewModel.swift */; };
		8C024DB729C6D9F2005788BF /* WritingView.swift in Sources */ = {isa = PBXBuildFile; fileRef = 8C024DB629C6D9F2005788BF /* WritingView.swift */; };
		8C024DB929C6E773005788BF /* WritingArea.swift in Sources */ = {isa = PBXBuildFile; fileRef = 8C024DB829C6E773005788BF /* WritingArea.swift */; };
		8C024DC029C81F5D005788BF /* ImagePicker.swift in Sources */ = {isa = PBXBuildFile; fileRef = 8C024DBF29C81F5D005788BF /* ImagePicker.swift */; };
		8C024DC529C886AB005788BF /* FirebaseManager.swift in Sources */ = {isa = PBXBuildFile; fileRef = 8C024DC429C886AB005788BF /* FirebaseManager.swift */; };
		8C024DC829C97A68005788BF /* ProfileViewModel.swift in Sources */ = {isa = PBXBuildFile; fileRef = 8C024DC729C97A68005788BF /* ProfileViewModel.swift */; };
		8C024DCA29C97B55005788BF /* User.swift in Sources */ = {isa = PBXBuildFile; fileRef = 8C024DC929C97B55005788BF /* User.swift */; };
		8C024DCD29C97C67005788BF /* FirebaseAuth in Frameworks */ = {isa = PBXBuildFile; productRef = 8C024DCC29C97C67005788BF /* FirebaseAuth */; };
		8C024DCF29C97C67005788BF /* FirebaseFirestore in Frameworks */ = {isa = PBXBuildFile; productRef = 8C024DCE29C97C67005788BF /* FirebaseFirestore */; };
		8C024DD129C97C67005788BF /* FirebaseFirestoreSwift in Frameworks */ = {isa = PBXBuildFile; productRef = 8C024DD029C97C67005788BF /* FirebaseFirestoreSwift */; };
		8C024DD329C97C67005788BF /* FirebaseStorage in Frameworks */ = {isa = PBXBuildFile; productRef = 8C024DD229C97C67005788BF /* FirebaseStorage */; };
		8C024DD829C9991B005788BF /* ProfileEditView.swift in Sources */ = {isa = PBXBuildFile; fileRef = 8C024DD729C9991B005788BF /* ProfileEditView.swift */; };
		8C024DDB29D068B0005788BF /* View+Extension.swift in Sources */ = {isa = PBXBuildFile; fileRef = 8C024DDA29D068B0005788BF /* View+Extension.swift */; };
		8C024DDD29D1C665005788BF /* Post.swift in Sources */ = {isa = PBXBuildFile; fileRef = 8C024DDC29D1C665005788BF /* Post.swift */; };
		8C024DDF29D1CC2E005788BF /* ProfileEditViewModel.swift in Sources */ = {isa = PBXBuildFile; fileRef = 8C024DDE29D1CC2E005788BF /* ProfileEditViewModel.swift */; };
		8C7608F029D402C5004DD238 /* WritingViewModel.swift in Sources */ = {isa = PBXBuildFile; fileRef = 8C7608EF29D402C5004DD238 /* WritingViewModel.swift */; };
		8C886FAE29D56132008117AC /* PostService.swift in Sources */ = {isa = PBXBuildFile; fileRef = 8C886FAD29D56132008117AC /* PostService.swift */; };
		8C886FB029D5AA4C008117AC /* UserService.swift in Sources */ = {isa = PBXBuildFile; fileRef = 8C886FAF29D5AA4C008117AC /* UserService.swift */; };
		8C886FB329D5C4FC008117AC /* SDWebImageSwiftUI in Frameworks */ = {isa = PBXBuildFile; productRef = 8C886FB229D5C4FC008117AC /* SDWebImageSwiftUI */; };
		8C886FB529D6BC98008117AC /* LoginArea.swift in Sources */ = {isa = PBXBuildFile; fileRef = 8C886FB429D6BC98008117AC /* LoginArea.swift */; };
		8C886FBA29D6FAC9008117AC /* SignUpView.swift in Sources */ = {isa = PBXBuildFile; fileRef = 8C886FB929D6FAC9008117AC /* SignUpView.swift */; };
		8CBB341729BEF93F00B98E4A /* MixSpaceApp.swift in Sources */ = {isa = PBXBuildFile; fileRef = 8CBB341629BEF93F00B98E4A /* MixSpaceApp.swift */; };
		8CBB341929BEF93F00B98E4A /* LoginView.swift in Sources */ = {isa = PBXBuildFile; fileRef = 8CBB341829BEF93F00B98E4A /* LoginView.swift */; };
		8CBB341B29BEF94100B98E4A /* Assets.xcassets in Resources */ = {isa = PBXBuildFile; fileRef = 8CBB341A29BEF94100B98E4A /* Assets.xcassets */; };
		8CBB341E29BEF94100B98E4A /* Preview Assets.xcassets in Resources */ = {isa = PBXBuildFile; fileRef = 8CBB341D29BEF94100B98E4A /* Preview Assets.xcassets */; };
		8CBB344829BF3DE300B98E4A /* GoogleSignIn in Frameworks */ = {isa = PBXBuildFile; productRef = 8CBB344729BF3DE300B98E4A /* GoogleSignIn */; };
		8CBB344A29BF3DE300B98E4A /* GoogleSignInSwift in Frameworks */ = {isa = PBXBuildFile; productRef = 8CBB344929BF3DE300B98E4A /* GoogleSignInSwift */; };
		8CBB344F29BF3EBA00B98E4A /* GoogleService-Info.plist in Resources */ = {isa = PBXBuildFile; fileRef = 8CBB344E29BF3EBA00B98E4A /* GoogleService-Info.plist */; };
		8CBB345429BF5AA800B98E4A /* LoginViewModel.swift in Sources */ = {isa = PBXBuildFile; fileRef = 8CBB345329BF5AA800B98E4A /* LoginViewModel.swift */; };
/* End PBXBuildFile section */

/* Begin PBXFileReference section */
		8C024D7E29C095F0005788BF /* HomeView.swift */ = {isa = PBXFileReference; lastKnownFileType = sourcecode.swift; path = HomeView.swift; sourceTree = "<group>"; };
		8C024D8029C09756005788BF /* ContentView.swift */ = {isa = PBXFileReference; lastKnownFileType = sourcecode.swift; path = ContentView.swift; sourceTree = "<group>"; };
		8C024D8529C1EFC2005788BF /* NewPost.swift */ = {isa = PBXFileReference; lastKnownFileType = sourcecode.swift; path = NewPost.swift; sourceTree = "<group>"; };
		8C024D8D29C2F02E005788BF /* MainView.swift */ = {isa = PBXFileReference; lastKnownFileType = sourcecode.swift; path = MainView.swift; sourceTree = "<group>"; };
		8C024D8F29C2F1B7005788BF /* ProfileView.swift */ = {isa = PBXFileReference; lastKnownFileType = sourcecode.swift; path = ProfileView.swift; sourceTree = "<group>"; };
		8C024D9429C300F4005788BF /* ProfileFilterViewModel.swift */ = {isa = PBXFileReference; lastKnownFileType = sourcecode.swift; path = ProfileFilterViewModel.swift; sourceTree = "<group>"; };
		8C024D9929C42936005788BF /* SearchView.swift */ = {isa = PBXFileReference; lastKnownFileType = sourcecode.swift; path = SearchView.swift; sourceTree = "<group>"; };
		8C024D9B29C429AC005788BF /* UserRowProfile.swift */ = {isa = PBXFileReference; lastKnownFileType = sourcecode.swift; path = UserRowProfile.swift; sourceTree = "<group>"; };
		8C024DA529C43B7D005788BF /* SideMenuView.swift */ = {isa = PBXFileReference; lastKnownFileType = sourcecode.swift; path = SideMenuView.swift; sourceTree = "<group>"; };
		8C024DA729C4522C005788BF /* SideMenuOptionViewModel.swift */ = {isa = PBXFileReference; lastKnownFileType = sourcecode.swift; path = SideMenuOptionViewModel.swift; sourceTree = "<group>"; };
		8C024DA929C47A34005788BF /* UserStatsView.swift */ = {isa = PBXFileReference; lastKnownFileType = sourcecode.swift; path = UserStatsView.swift; sourceTree = "<group>"; };
		8C024DAB29C488E1005788BF /* HomeViewModel.swift */ = {isa = PBXFileReference; lastKnownFileType = sourcecode.swift; path = HomeViewModel.swift; sourceTree = "<group>"; };
		8C024DAD29C48C06005788BF /* HomeContentView.swift */ = {isa = PBXFileReference; lastKnownFileType = sourcecode.swift; path = HomeContentView.swift; sourceTree = "<group>"; };
		8C024DB129C5AD14005788BF /* SideMenuOptionView.swift */ = {isa = PBXFileReference; lastKnownFileType = sourcecode.swift; path = SideMenuOptionView.swift; sourceTree = "<group>"; };
		8C024DB329C5F2BE005788BF /* SideMenuViewModel.swift */ = {isa = PBXFileReference; lastKnownFileType = sourcecode.swift; path = SideMenuViewModel.swift; sourceTree = "<group>"; };
		8C024DB629C6D9F2005788BF /* WritingView.swift */ = {isa = PBXFileReference; lastKnownFileType = sourcecode.swift; path = WritingView.swift; sourceTree = "<group>"; };
		8C024DB829C6E773005788BF /* WritingArea.swift */ = {isa = PBXFileReference; lastKnownFileType = sourcecode.swift; path = WritingArea.swift; sourceTree = "<group>"; };
		8C024DBF29C81F5D005788BF /* ImagePicker.swift */ = {isa = PBXFileReference; lastKnownFileType = sourcecode.swift; path = ImagePicker.swift; sourceTree = "<group>"; };
		8C024DC429C886AB005788BF /* FirebaseManager.swift */ = {isa = PBXFileReference; lastKnownFileType = sourcecode.swift; path = FirebaseManager.swift; sourceTree = "<group>"; };
		8C024DC729C97A68005788BF /* ProfileViewModel.swift */ = {isa = PBXFileReference; lastKnownFileType = sourcecode.swift; path = ProfileViewModel.swift; sourceTree = "<group>"; };
		8C024DC929C97B55005788BF /* User.swift */ = {isa = PBXFileReference; lastKnownFileType = sourcecode.swift; path = User.swift; sourceTree = "<group>"; };
		8C024DD729C9991B005788BF /* ProfileEditView.swift */ = {isa = PBXFileReference; lastKnownFileType = sourcecode.swift; path = ProfileEditView.swift; sourceTree = "<group>"; };
		8C024DDA29D068B0005788BF /* View+Extension.swift */ = {isa = PBXFileReference; lastKnownFileType = sourcecode.swift; path = "View+Extension.swift"; sourceTree = "<group>"; };
		8C024DDC29D1C665005788BF /* Post.swift */ = {isa = PBXFileReference; lastKnownFileType = sourcecode.swift; path = Post.swift; sourceTree = "<group>"; };
		8C024DDE29D1CC2E005788BF /* ProfileEditViewModel.swift */ = {isa = PBXFileReference; lastKnownFileType = sourcecode.swift; path = ProfileEditViewModel.swift; sourceTree = "<group>"; };
		8C7608EF29D402C5004DD238 /* WritingViewModel.swift */ = {isa = PBXFileReference; lastKnownFileType = sourcecode.swift; path = WritingViewModel.swift; sourceTree = "<group>"; };
		8C886FAD29D56132008117AC /* PostService.swift */ = {isa = PBXFileReference; lastKnownFileType = sourcecode.swift; path = PostService.swift; sourceTree = "<group>"; };
		8C886FAF29D5AA4C008117AC /* UserService.swift */ = {isa = PBXFileReference; lastKnownFileType = sourcecode.swift; path = UserService.swift; sourceTree = "<group>"; };
		8C886FB429D6BC98008117AC /* LoginArea.swift */ = {isa = PBXFileReference; lastKnownFileType = sourcecode.swift; path = LoginArea.swift; sourceTree = "<group>"; };
		8C886FB929D6FAC9008117AC /* SignUpView.swift */ = {isa = PBXFileReference; lastKnownFileType = sourcecode.swift; path = SignUpView.swift; sourceTree = "<group>"; };
		8CBB341329BEF93F00B98E4A /* MixSpace.app */ = {isa = PBXFileReference; explicitFileType = wrapper.application; includeInIndex = 0; path = MixSpace.app; sourceTree = BUILT_PRODUCTS_DIR; };
		8CBB341629BEF93F00B98E4A /* MixSpaceApp.swift */ = {isa = PBXFileReference; lastKnownFileType = sourcecode.swift; path = MixSpaceApp.swift; sourceTree = "<group>"; };
		8CBB341829BEF93F00B98E4A /* LoginView.swift */ = {isa = PBXFileReference; lastKnownFileType = sourcecode.swift; path = LoginView.swift; sourceTree = "<group>"; };
		8CBB341A29BEF94100B98E4A /* Assets.xcassets */ = {isa = PBXFileReference; lastKnownFileType = folder.assetcatalog; path = Assets.xcassets; sourceTree = "<group>"; };
		8CBB341D29BEF94100B98E4A /* Preview Assets.xcassets */ = {isa = PBXFileReference; lastKnownFileType = folder.assetcatalog; path = "Preview Assets.xcassets"; sourceTree = "<group>"; };
		8CBB344E29BF3EBA00B98E4A /* GoogleService-Info.plist */ = {isa = PBXFileReference; fileEncoding = 4; lastKnownFileType = text.plist.xml; path = "GoogleService-Info.plist"; sourceTree = "<group>"; };
		8CBB345029BF451D00B98E4A /* MixSpace.entitlements */ = {isa = PBXFileReference; lastKnownFileType = text.plist.entitlements; path = MixSpace.entitlements; sourceTree = "<group>"; };
		8CBB345329BF5AA800B98E4A /* LoginViewModel.swift */ = {isa = PBXFileReference; lastKnownFileType = sourcecode.swift; path = LoginViewModel.swift; sourceTree = "<group>"; };
/* End PBXFileReference section */

/* Begin PBXFrameworksBuildPhase section */
		8CBB341029BEF93F00B98E4A /* Frameworks */ = {
			isa = PBXFrameworksBuildPhase;
			buildActionMask = 2147483647;
			files = (
				8C886FB329D5C4FC008117AC /* SDWebImageSwiftUI in Frameworks */,
				8C024DD129C97C67005788BF /* FirebaseFirestoreSwift in Frameworks */,
				8CBB344829BF3DE300B98E4A /* GoogleSignIn in Frameworks */,
				8C024DCF29C97C67005788BF /* FirebaseFirestore in Frameworks */,
				8C024DCD29C97C67005788BF /* FirebaseAuth in Frameworks */,
				8CBB344A29BF3DE300B98E4A /* GoogleSignInSwift in Frameworks */,
				8C024DD329C97C67005788BF /* FirebaseStorage in Frameworks */,
			);
			runOnlyForDeploymentPostprocessing = 0;
		};
/* End PBXFrameworksBuildPhase section */

/* Begin PBXGroup section */
		8C024D8429C1EF3A005788BF /* Components */ = {
			isa = PBXGroup;
			children = (
				8C024D8529C1EFC2005788BF /* NewPost.swift */,
				8C024D9B29C429AC005788BF /* UserRowProfile.swift */,
				8C024DA929C47A34005788BF /* UserStatsView.swift */,
			);
			path = Components;
			sourceTree = "<group>";
		};
		8C024D9129C300BB005788BF /* Profile */ = {
			isa = PBXGroup;
			children = (
				8C024D9229C300C3005788BF /* View */,
				8C024D9329C300CB005788BF /* ViewModel */,
			);
			path = Profile;
			sourceTree = "<group>";
		};
		8C024D9229C300C3005788BF /* View */ = {
			isa = PBXGroup;
			children = (
				8C024D8F29C2F1B7005788BF /* ProfileView.swift */,
			);
			path = View;
			sourceTree = "<group>";
		};
		8C024D9329C300CB005788BF /* ViewModel */ = {
			isa = PBXGroup;
			children = (
				8C024D9429C300F4005788BF /* ProfileFilterViewModel.swift */,
				8C024DC729C97A68005788BF /* ProfileViewModel.swift */,
			);
			path = ViewModel;
			sourceTree = "<group>";
		};
		8C024D9729C42900005788BF /* Search */ = {
			isa = PBXGroup;
			children = (
				8C024D9829C42920005788BF /* View */,
			);
			path = Search;
			sourceTree = "<group>";
		};
		8C024D9829C42920005788BF /* View */ = {
			isa = PBXGroup;
			children = (
				8C024D9929C42936005788BF /* SearchView.swift */,
			);
			path = View;
			sourceTree = "<group>";
		};
		8C024D9D29C434A8005788BF /* Login */ = {
			isa = PBXGroup;
			children = (
				8C024D9E29C434AF005788BF /* View */,
				8C024D9F29C434B8005788BF /* ViewModel */,
			);
			path = Login;
			sourceTree = "<group>";
		};
		8C024D9E29C434AF005788BF /* View */ = {
			isa = PBXGroup;
			children = (
				8CBB341829BEF93F00B98E4A /* LoginView.swift */,
				8C886FB429D6BC98008117AC /* LoginArea.swift */,
			);
			path = View;
			sourceTree = "<group>";
		};
		8C024D9F29C434B8005788BF /* ViewModel */ = {
			isa = PBXGroup;
			children = (
				8CBB345329BF5AA800B98E4A /* LoginViewModel.swift */,
			);
			path = ViewModel;
			sourceTree = "<group>";
		};
		8C024DA029C434EE005788BF /* Main */ = {
			isa = PBXGroup;
			children = (
				8C024D8D29C2F02E005788BF /* MainView.swift */,
			);
			path = Main;
			sourceTree = "<group>";
		};
		8C024DA129C434FC005788BF /* Home */ = {
			isa = PBXGroup;
			children = (
				8C024DAF29C5AB22005788BF /* View */,
				8C024DB029C5AB3A005788BF /* ViewModel */,
			);
			path = Home;
			sourceTree = "<group>";
		};
		8C024DA229C43B24005788BF /* SideMenu */ = {
			isa = PBXGroup;
			children = (
				8C024DA329C43B4C005788BF /* View */,
				8C024DA429C43B52005788BF /* ViewModel */,
			);
			path = SideMenu;
			sourceTree = "<group>";
		};
		8C024DA329C43B4C005788BF /* View */ = {
			isa = PBXGroup;
			children = (
				8C024DA529C43B7D005788BF /* SideMenuView.swift */,
				8C024DB129C5AD14005788BF /* SideMenuOptionView.swift */,
			);
			path = View;
			sourceTree = "<group>";
		};
		8C024DA429C43B52005788BF /* ViewModel */ = {
			isa = PBXGroup;
			children = (
				8C024DB329C5F2BE005788BF /* SideMenuViewModel.swift */,
				8C024DA729C4522C005788BF /* SideMenuOptionViewModel.swift */,
			);
			path = ViewModel;
			sourceTree = "<group>";
		};
		8C024DAF29C5AB22005788BF /* View */ = {
			isa = PBXGroup;
			children = (
				8C024D7E29C095F0005788BF /* HomeView.swift */,
				8C024DAD29C48C06005788BF /* HomeContentView.swift */,
			);
			name = View;
			path = "퍋ㅈ";
			sourceTree = "<group>";
		};
		8C024DB029C5AB3A005788BF /* ViewModel */ = {
			isa = PBXGroup;
			children = (
				8C024DAB29C488E1005788BF /* HomeViewModel.swift */,
			);
			path = ViewModel;
			sourceTree = "<group>";
		};
		8C024DB529C6D9C8005788BF /* Writing */ = {
			isa = PBXGroup;
			children = (
				8C7608ED29D40297004DD238 /* View */,
				8C7608EE29D402A7004DD238 /* ViewModel */,
			);
			path = Writing;
			sourceTree = "<group>";
		};
		8C024DBE29C81F24005788BF /* Utils */ = {
			isa = PBXGroup;
			children = (
				8C024DBF29C81F5D005788BF /* ImagePicker.swift */,
			);
			path = Utils;
			sourceTree = "<group>";
		};
		8C024DC329C884AE005788BF /* Model */ = {
			isa = PBXGroup;
			children = (
				8C024DC929C97B55005788BF /* User.swift */,
				8C024DDC29D1C665005788BF /* Post.swift */,
			);
			path = Model;
			sourceTree = "<group>";
		};
		8C024DC629C886B4005788BF /* Managers */ = {
			isa = PBXGroup;
			children = (
				8C024DC429C886AB005788BF /* FirebaseManager.swift */,
			);
			path = Managers;
			sourceTree = "<group>";
		};
		8C024DD429C998CF005788BF /* ProfileEdit */ = {
			isa = PBXGroup;
			children = (
				8C024DD729C9991B005788BF /* ProfileEditView.swift */,
				8C024DDE29D1CC2E005788BF /* ProfileEditViewModel.swift */,
			);
			path = ProfileEdit;
			sourceTree = "<group>";
		};
		8C024DD929D06893005788BF /* Extensions */ = {
			isa = PBXGroup;
			children = (
				8C024DDA29D068B0005788BF /* View+Extension.swift */,
			);
			path = Extensions;
			sourceTree = "<group>";
		};
		8C7608ED29D40297004DD238 /* View */ = {
			isa = PBXGroup;
			children = (
				8C024DB629C6D9F2005788BF /* WritingView.swift */,
				8C024DB829C6E773005788BF /* WritingArea.swift */,
			);
			name = View;
			path = "퍋ㅈ";
			sourceTree = "<group>";
		};
		8C7608EE29D402A7004DD238 /* ViewModel */ = {
			isa = PBXGroup;
			children = (
				8C7608EF29D402C5004DD238 /* WritingViewModel.swift */,
			);
			path = ViewModel;
			sourceTree = "<group>";
		};
		8C886FAC29D56119008117AC /* Service */ = {
			isa = PBXGroup;
			children = (
				8C886FAD29D56132008117AC /* PostService.swift */,
				8C886FAF29D5AA4C008117AC /* UserService.swift */,
			);
			path = Service;
			sourceTree = "<group>";
		};
		8C886FB629D6FA86008117AC /* SignUp */ = {
			isa = PBXGroup;
			children = (
				8C886FB929D6FAC9008117AC /* SignUpView.swift */,
			);
			path = SignUp;
			sourceTree = "<group>";
		};
		8CBB340A29BEF93F00B98E4A = {
			isa = PBXGroup;
			children = (
				8CBB341529BEF93F00B98E4A /* MixSpace */,
				8CBB341429BEF93F00B98E4A /* Products */,
			);
			sourceTree = "<group>";
		};
		8CBB341429BEF93F00B98E4A /* Products */ = {
			isa = PBXGroup;
			children = (
				8CBB341329BEF93F00B98E4A /* MixSpace.app */,
			);
			name = Products;
			sourceTree = "<group>";
		};
		8CBB341529BEF93F00B98E4A /* MixSpace */ = {
			isa = PBXGroup;
			children = (
				8CBB341629BEF93F00B98E4A /* MixSpaceApp.swift */,
				8C024D8029C09756005788BF /* ContentView.swift */,
				8C024DC329C884AE005788BF /* Model */,
				8CBB345129BF5A7C00B98E4A /* View */,
				8C024DBE29C81F24005788BF /* Utils */,
				8C024D8429C1EF3A005788BF /* Components */,
				8C886FAC29D56119008117AC /* Service */,
				8C024DC629C886B4005788BF /* Managers */,
				8C024DD929D06893005788BF /* Extensions */,
				8CBB341A29BEF94100B98E4A /* Assets.xcassets */,
				8CBB345029BF451D00B98E4A /* MixSpace.entitlements */,
				8CBB344E29BF3EBA00B98E4A /* GoogleService-Info.plist */,
				8CBB341C29BEF94100B98E4A /* Preview Content */,
			);
			path = MixSpace;
			sourceTree = "<group>";
		};
		8CBB341C29BEF94100B98E4A /* Preview Content */ = {
			isa = PBXGroup;
			children = (
				8CBB341D29BEF94100B98E4A /* Preview Assets.xcassets */,
			);
			path = "Preview Content";
			sourceTree = "<group>";
		};
		8CBB345129BF5A7C00B98E4A /* View */ = {
			isa = PBXGroup;
			children = (
				8C024D9D29C434A8005788BF /* Login */,
				8C886FB629D6FA86008117AC /* SignUp */,
				8C024DA029C434EE005788BF /* Main */,
				8C024DA129C434FC005788BF /* Home */,
				8C024DB529C6D9C8005788BF /* Writing */,
				8C024D9729C42900005788BF /* Search */,
				8C024D9129C300BB005788BF /* Profile */,
				8C024DD429C998CF005788BF /* ProfileEdit */,
				8C024DA229C43B24005788BF /* SideMenu */,
			);
			path = View;
			sourceTree = "<group>";
		};
/* End PBXGroup section */

/* Begin PBXNativeTarget section */
		8CBB341229BEF93F00B98E4A /* MixSpace */ = {
			isa = PBXNativeTarget;
			buildConfigurationList = 8CBB342129BEF94100B98E4A /* Build configuration list for PBXNativeTarget "MixSpace" */;
			buildPhases = (
				8CBB340F29BEF93F00B98E4A /* Sources */,
				8CBB341029BEF93F00B98E4A /* Frameworks */,
				8CBB341129BEF93F00B98E4A /* Resources */,
			);
			buildRules = (
			);
			dependencies = (
			);
			name = MixSpace;
			packageProductDependencies = (
				8CBB344729BF3DE300B98E4A /* GoogleSignIn */,
				8CBB344929BF3DE300B98E4A /* GoogleSignInSwift */,
				8C024DCC29C97C67005788BF /* FirebaseAuth */,
				8C024DCE29C97C67005788BF /* FirebaseFirestore */,
				8C024DD029C97C67005788BF /* FirebaseFirestoreSwift */,
				8C024DD229C97C67005788BF /* FirebaseStorage */,
				8C886FB229D5C4FC008117AC /* SDWebImageSwiftUI */,
			);
			productName = MixSpace;
			productReference = 8CBB341329BEF93F00B98E4A /* MixSpace.app */;
			productType = "com.apple.product-type.application";
		};
/* End PBXNativeTarget section */

/* Begin PBXProject section */
		8CBB340B29BEF93F00B98E4A /* Project object */ = {
			isa = PBXProject;
			attributes = {
				BuildIndependentTargetsInParallel = 1;
				LastSwiftUpdateCheck = 1420;
				LastUpgradeCheck = 1420;
				TargetAttributes = {
					8CBB341229BEF93F00B98E4A = {
						CreatedOnToolsVersion = 14.2;
					};
				};
			};
			buildConfigurationList = 8CBB340E29BEF93F00B98E4A /* Build configuration list for PBXProject "MixSpace" */;
			compatibilityVersion = "Xcode 14.0";
			developmentRegion = en;
			hasScannedForEncodings = 0;
			knownRegions = (
				en,
				Base,
			);
			mainGroup = 8CBB340A29BEF93F00B98E4A;
			packageReferences = (
				8CBB344629BF3DE300B98E4A /* XCRemoteSwiftPackageReference "GoogleSignIn-iOS" */,
				8C024DCB29C97C67005788BF /* XCRemoteSwiftPackageReference "firebase-ios-sdk" */,
				8C886FB129D5C4FC008117AC /* XCRemoteSwiftPackageReference "SDWebImageSwiftUI" */,
			);
			productRefGroup = 8CBB341429BEF93F00B98E4A /* Products */;
			projectDirPath = "";
			projectRoot = "";
			targets = (
				8CBB341229BEF93F00B98E4A /* MixSpace */,
			);
		};
/* End PBXProject section */

/* Begin PBXResourcesBuildPhase section */
		8CBB341129BEF93F00B98E4A /* Resources */ = {
			isa = PBXResourcesBuildPhase;
			buildActionMask = 2147483647;
			files = (
				8CBB341E29BEF94100B98E4A /* Preview Assets.xcassets in Resources */,
				8CBB341B29BEF94100B98E4A /* Assets.xcassets in Resources */,
				8CBB344F29BF3EBA00B98E4A /* GoogleService-Info.plist in Resources */,
			);
			runOnlyForDeploymentPostprocessing = 0;
		};
/* End PBXResourcesBuildPhase section */

/* Begin PBXSourcesBuildPhase section */
		8CBB340F29BEF93F00B98E4A /* Sources */ = {
			isa = PBXSourcesBuildPhase;
			buildActionMask = 2147483647;
			files = (
				8C024DB229C5AD14005788BF /* SideMenuOptionView.swift in Sources */,
				8C024D9A29C42936005788BF /* SearchView.swift in Sources */,
				8C024DB729C6D9F2005788BF /* WritingView.swift in Sources */,
				8C024D9029C2F1B7005788BF /* ProfileView.swift in Sources */,
				8CBB341929BEF93F00B98E4A /* LoginView.swift in Sources */,
				8C024DB429C5F2BE005788BF /* SideMenuViewModel.swift in Sources */,
				8C024D8E29C2F02E005788BF /* MainView.swift in Sources */,
				8C024DC029C81F5D005788BF /* ImagePicker.swift in Sources */,
				8C024DDB29D068B0005788BF /* View+Extension.swift in Sources */,
				8C024D9529C300F4005788BF /* ProfileFilterViewModel.swift in Sources */,
				8C024DC829C97A68005788BF /* ProfileViewModel.swift in Sources */,
				8C024D8129C09756005788BF /* ContentView.swift in Sources */,
				8C024DA629C43B7D005788BF /* SideMenuView.swift in Sources */,
				8C886FB029D5AA4C008117AC /* UserService.swift in Sources */,
				8C024DAA29C47A34005788BF /* UserStatsView.swift in Sources */,
				8C024D7F29C095F0005788BF /* HomeView.swift in Sources */,
				8C886FBA29D6FAC9008117AC /* SignUpView.swift in Sources */,
				8C024DA829C4522C005788BF /* SideMenuOptionViewModel.swift in Sources */,
				8C024DB929C6E773005788BF /* WritingArea.swift in Sources */,
				8CBB341729BEF93F00B98E4A /* MixSpaceApp.swift in Sources */,
				8C024D8629C1EFC2005788BF /* NewPost.swift in Sources */,
				8CBB345429BF5AA800B98E4A /* LoginViewModel.swift in Sources */,
				8C024DAC29C488E1005788BF /* HomeViewModel.swift in Sources */,
				8C024DCA29C97B55005788BF /* User.swift in Sources */,
				8C024DC529C886AB005788BF /* FirebaseManager.swift in Sources */,
				8C7608F029D402C5004DD238 /* WritingViewModel.swift in Sources */,
				8C024DD829C9991B005788BF /* ProfileEditView.swift in Sources */,
				8C886FAE29D56132008117AC /* PostService.swift in Sources */,
				8C024DDF29D1CC2E005788BF /* ProfileEditViewModel.swift in Sources */,
				8C886FB529D6BC98008117AC /* LoginArea.swift in Sources */,
				8C024DDD29D1C665005788BF /* Post.swift in Sources */,
				8C024D9C29C429AC005788BF /* UserRowProfile.swift in Sources */,
				8C024DAE29C48C06005788BF /* HomeContentView.swift in Sources */,
			);
			runOnlyForDeploymentPostprocessing = 0;
		};
/* End PBXSourcesBuildPhase section */

/* Begin XCBuildConfiguration section */
		8CBB341F29BEF94100B98E4A /* Debug */ = {
			isa = XCBuildConfiguration;
			buildSettings = {
				ALWAYS_SEARCH_USER_PATHS = NO;
				CLANG_ANALYZER_NONNULL = YES;
				CLANG_ANALYZER_NUMBER_OBJECT_CONVERSION = YES_AGGRESSIVE;
				CLANG_CXX_LANGUAGE_STANDARD = "gnu++20";
				CLANG_ENABLE_MODULES = YES;
				CLANG_ENABLE_OBJC_ARC = YES;
				CLANG_ENABLE_OBJC_WEAK = YES;
				CLANG_WARN_BLOCK_CAPTURE_AUTORELEASING = YES;
				CLANG_WARN_BOOL_CONVERSION = YES;
				CLANG_WARN_COMMA = YES;
				CLANG_WARN_CONSTANT_CONVERSION = YES;
				CLANG_WARN_DEPRECATED_OBJC_IMPLEMENTATIONS = YES;
				CLANG_WARN_DIRECT_OBJC_ISA_USAGE = YES_ERROR;
				CLANG_WARN_DOCUMENTATION_COMMENTS = YES;
				CLANG_WARN_EMPTY_BODY = YES;
				CLANG_WARN_ENUM_CONVERSION = YES;
				CLANG_WARN_INFINITE_RECURSION = YES;
				CLANG_WARN_INT_CONVERSION = YES;
				CLANG_WARN_NON_LITERAL_NULL_CONVERSION = YES;
				CLANG_WARN_OBJC_IMPLICIT_RETAIN_SELF = YES;
				CLANG_WARN_OBJC_LITERAL_CONVERSION = YES;
				CLANG_WARN_OBJC_ROOT_CLASS = YES_ERROR;
				CLANG_WARN_QUOTED_INCLUDE_IN_FRAMEWORK_HEADER = YES;
				CLANG_WARN_RANGE_LOOP_ANALYSIS = YES;
				CLANG_WARN_STRICT_PROTOTYPES = YES;
				CLANG_WARN_SUSPICIOUS_MOVE = YES;
				CLANG_WARN_UNGUARDED_AVAILABILITY = YES_AGGRESSIVE;
				CLANG_WARN_UNREACHABLE_CODE = YES;
				CLANG_WARN__DUPLICATE_METHOD_MATCH = YES;
				COPY_PHASE_STRIP = NO;
				DEBUG_INFORMATION_FORMAT = dwarf;
				ENABLE_STRICT_OBJC_MSGSEND = YES;
				ENABLE_TESTABILITY = YES;
				GCC_C_LANGUAGE_STANDARD = gnu11;
				GCC_DYNAMIC_NO_PIC = NO;
				GCC_NO_COMMON_BLOCKS = YES;
				GCC_OPTIMIZATION_LEVEL = 0;
				GCC_PREPROCESSOR_DEFINITIONS = (
					"DEBUG=1",
					"$(inherited)",
				);
				GCC_WARN_64_TO_32_BIT_CONVERSION = YES;
				GCC_WARN_ABOUT_RETURN_TYPE = YES_ERROR;
				GCC_WARN_UNDECLARED_SELECTOR = YES;
				GCC_WARN_UNINITIALIZED_AUTOS = YES_AGGRESSIVE;
				GCC_WARN_UNUSED_FUNCTION = YES;
				GCC_WARN_UNUSED_VARIABLE = YES;
				IPHONEOS_DEPLOYMENT_TARGET = 16.2;
				MTL_ENABLE_DEBUG_INFO = INCLUDE_SOURCE;
				MTL_FAST_MATH = YES;
				ONLY_ACTIVE_ARCH = YES;
				SDKROOT = iphoneos;
				SWIFT_ACTIVE_COMPILATION_CONDITIONS = DEBUG;
				SWIFT_OPTIMIZATION_LEVEL = "-Onone";
			};
			name = Debug;
		};
		8CBB342029BEF94100B98E4A /* Release */ = {
			isa = XCBuildConfiguration;
			buildSettings = {
				ALWAYS_SEARCH_USER_PATHS = NO;
				CLANG_ANALYZER_NONNULL = YES;
				CLANG_ANALYZER_NUMBER_OBJECT_CONVERSION = YES_AGGRESSIVE;
				CLANG_CXX_LANGUAGE_STANDARD = "gnu++20";
				CLANG_ENABLE_MODULES = YES;
				CLANG_ENABLE_OBJC_ARC = YES;
				CLANG_ENABLE_OBJC_WEAK = YES;
				CLANG_WARN_BLOCK_CAPTURE_AUTORELEASING = YES;
				CLANG_WARN_BOOL_CONVERSION = YES;
				CLANG_WARN_COMMA = YES;
				CLANG_WARN_CONSTANT_CONVERSION = YES;
				CLANG_WARN_DEPRECATED_OBJC_IMPLEMENTATIONS = YES;
				CLANG_WARN_DIRECT_OBJC_ISA_USAGE = YES_ERROR;
				CLANG_WARN_DOCUMENTATION_COMMENTS = YES;
				CLANG_WARN_EMPTY_BODY = YES;
				CLANG_WARN_ENUM_CONVERSION = YES;
				CLANG_WARN_INFINITE_RECURSION = YES;
				CLANG_WARN_INT_CONVERSION = YES;
				CLANG_WARN_NON_LITERAL_NULL_CONVERSION = YES;
				CLANG_WARN_OBJC_IMPLICIT_RETAIN_SELF = YES;
				CLANG_WARN_OBJC_LITERAL_CONVERSION = YES;
				CLANG_WARN_OBJC_ROOT_CLASS = YES_ERROR;
				CLANG_WARN_QUOTED_INCLUDE_IN_FRAMEWORK_HEADER = YES;
				CLANG_WARN_RANGE_LOOP_ANALYSIS = YES;
				CLANG_WARN_STRICT_PROTOTYPES = YES;
				CLANG_WARN_SUSPICIOUS_MOVE = YES;
				CLANG_WARN_UNGUARDED_AVAILABILITY = YES_AGGRESSIVE;
				CLANG_WARN_UNREACHABLE_CODE = YES;
				CLANG_WARN__DUPLICATE_METHOD_MATCH = YES;
				COPY_PHASE_STRIP = NO;
				DEBUG_INFORMATION_FORMAT = "dwarf-with-dsym";
				ENABLE_NS_ASSERTIONS = NO;
				ENABLE_STRICT_OBJC_MSGSEND = YES;
				GCC_C_LANGUAGE_STANDARD = gnu11;
				GCC_NO_COMMON_BLOCKS = YES;
				GCC_WARN_64_TO_32_BIT_CONVERSION = YES;
				GCC_WARN_ABOUT_RETURN_TYPE = YES_ERROR;
				GCC_WARN_UNDECLARED_SELECTOR = YES;
				GCC_WARN_UNINITIALIZED_AUTOS = YES_AGGRESSIVE;
				GCC_WARN_UNUSED_FUNCTION = YES;
				GCC_WARN_UNUSED_VARIABLE = YES;
				IPHONEOS_DEPLOYMENT_TARGET = 16.2;
				MTL_ENABLE_DEBUG_INFO = NO;
				MTL_FAST_MATH = YES;
				SDKROOT = iphoneos;
				SWIFT_COMPILATION_MODE = wholemodule;
				SWIFT_OPTIMIZATION_LEVEL = "-O";
				VALIDATE_PRODUCT = YES;
			};
			name = Release;
		};
		8CBB342229BEF94100B98E4A /* Debug */ = {
			isa = XCBuildConfiguration;
			buildSettings = {
				ASSETCATALOG_COMPILER_APPICON_NAME = AppIcon;
				ASSETCATALOG_COMPILER_GLOBAL_ACCENT_COLOR_NAME = AccentColor;
				CODE_SIGN_ENTITLEMENTS = MixSpace/MixSpace.entitlements;
				CODE_SIGN_STYLE = Automatic;
				CURRENT_PROJECT_VERSION = 1;
				DEVELOPMENT_ASSET_PATHS = "\"MixSpace/Preview Content\"";
				DEVELOPMENT_TEAM = AH24YSXN5M;
				ENABLE_PREVIEWS = YES;
				GENERATE_INFOPLIST_FILE = YES;
				INFOPLIST_KEY_UIApplicationSceneManifest_Generation = YES;
				INFOPLIST_KEY_UIApplicationSupportsIndirectInputEvents = YES;
				INFOPLIST_KEY_UILaunchScreen_Generation = YES;
				INFOPLIST_KEY_UISupportedInterfaceOrientations = "UIInterfaceOrientationLandscapeLeft UIInterfaceOrientationLandscapeRight UIInterfaceOrientationPortrait";
				INFOPLIST_KEY_UISupportedInterfaceOrientations_iPad = "UIInterfaceOrientationLandscapeLeft UIInterfaceOrientationLandscapeRight UIInterfaceOrientationPortrait UIInterfaceOrientationPortraitUpsideDown";
				IPHONEOS_DEPLOYMENT_TARGET = 15.0;
				LD_RUNPATH_SEARCH_PATHS = (
					"$(inherited)",
					"@executable_path/Frameworks",
				);
				MARKETING_VERSION = 1.0;
				PRODUCT_BUNDLE_IDENTIFIER = com.kang.MixSpace;
				PRODUCT_NAME = "$(TARGET_NAME)";
				SWIFT_EMIT_LOC_STRINGS = YES;
				SWIFT_VERSION = 5.0;
				TARGETED_DEVICE_FAMILY = "1,2";
			};
			name = Debug;
		};
		8CBB342329BEF94100B98E4A /* Release */ = {
			isa = XCBuildConfiguration;
			buildSettings = {
				ASSETCATALOG_COMPILER_APPICON_NAME = AppIcon;
				ASSETCATALOG_COMPILER_GLOBAL_ACCENT_COLOR_NAME = AccentColor;
				CODE_SIGN_ENTITLEMENTS = MixSpace/MixSpace.entitlements;
				CODE_SIGN_STYLE = Automatic;
				CURRENT_PROJECT_VERSION = 1;
				DEVELOPMENT_ASSET_PATHS = "\"MixSpace/Preview Content\"";
				DEVELOPMENT_TEAM = AH24YSXN5M;
				ENABLE_PREVIEWS = YES;
				GENERATE_INFOPLIST_FILE = YES;
				INFOPLIST_KEY_UIApplicationSceneManifest_Generation = YES;
				INFOPLIST_KEY_UIApplicationSupportsIndirectInputEvents = YES;
				INFOPLIST_KEY_UILaunchScreen_Generation = YES;
				INFOPLIST_KEY_UISupportedInterfaceOrientations = "UIInterfaceOrientationLandscapeLeft UIInterfaceOrientationLandscapeRight UIInterfaceOrientationPortrait";
				INFOPLIST_KEY_UISupportedInterfaceOrientations_iPad = "UIInterfaceOrientationLandscapeLeft UIInterfaceOrientationLandscapeRight UIInterfaceOrientationPortrait UIInterfaceOrientationPortraitUpsideDown";
				IPHONEOS_DEPLOYMENT_TARGET = 15.0;
				LD_RUNPATH_SEARCH_PATHS = (
					"$(inherited)",
					"@executable_path/Frameworks",
				);
				MARKETING_VERSION = 1.0;
				PRODUCT_BUNDLE_IDENTIFIER = com.kang.MixSpace;
				PRODUCT_NAME = "$(TARGET_NAME)";
				SWIFT_EMIT_LOC_STRINGS = YES;
				SWIFT_VERSION = 5.0;
				TARGETED_DEVICE_FAMILY = "1,2";
			};
			name = Release;
		};
/* End XCBuildConfiguration section */

/* Begin XCConfigurationList section */
		8CBB340E29BEF93F00B98E4A /* Build configuration list for PBXProject "MixSpace" */ = {
			isa = XCConfigurationList;
			buildConfigurations = (
				8CBB341F29BEF94100B98E4A /* Debug */,
				8CBB342029BEF94100B98E4A /* Release */,
			);
			defaultConfigurationIsVisible = 0;
			defaultConfigurationName = Release;
		};
		8CBB342129BEF94100B98E4A /* Build configuration list for PBXNativeTarget "MixSpace" */ = {
			isa = XCConfigurationList;
			buildConfigurations = (
				8CBB342229BEF94100B98E4A /* Debug */,
				8CBB342329BEF94100B98E4A /* Release */,
			);
			defaultConfigurationIsVisible = 0;
			defaultConfigurationName = Release;
		};
/* End XCConfigurationList section */

/* Begin XCRemoteSwiftPackageReference section */
		8C024DCB29C97C67005788BF /* XCRemoteSwiftPackageReference "firebase-ios-sdk" */ = {
			isa = XCRemoteSwiftPackageReference;
			repositoryURL = "https://github.com/firebase/firebase-ios-sdk.git";
			requirement = {
				kind = upToNextMajorVersion;
				minimumVersion = 9.0.0;
			};
		};
		8C886FB129D5C4FC008117AC /* XCRemoteSwiftPackageReference "SDWebImageSwiftUI" */ = {
			isa = XCRemoteSwiftPackageReference;
			repositoryURL = "https://github.com/SDWebImage/SDWebImageSwiftUI.git";
			requirement = {
				kind = upToNextMajorVersion;
				minimumVersion = 2.0.0;
			};
		};
		8CBB344629BF3DE300B98E4A /* XCRemoteSwiftPackageReference "GoogleSignIn-iOS" */ = {
			isa = XCRemoteSwiftPackageReference;
			repositoryURL = "https://github.com/google/GoogleSignIn-iOS";
			requirement = {
				kind = upToNextMajorVersion;
				minimumVersion = 7.0.0;
			};
		};
/* End XCRemoteSwiftPackageReference section */

/* Begin XCSwiftPackageProductDependency section */
		8C024DCC29C97C67005788BF /* FirebaseAuth */ = {
			isa = XCSwiftPackageProductDependency;
			package = 8C024DCB29C97C67005788BF /* XCRemoteSwiftPackageReference "firebase-ios-sdk" */;
			productName = FirebaseAuth;
		};
		8C024DCE29C97C67005788BF /* FirebaseFirestore */ = {
			isa = XCSwiftPackageProductDependency;
			package = 8C024DCB29C97C67005788BF /* XCRemoteSwiftPackageReference "firebase-ios-sdk" */;
			productName = FirebaseFirestore;
		};
		8C024DD029C97C67005788BF /* FirebaseFirestoreSwift */ = {
			isa = XCSwiftPackageProductDependency;
			package = 8C024DCB29C97C67005788BF /* XCRemoteSwiftPackageReference "firebase-ios-sdk" */;
			productName = FirebaseFirestoreSwift;
		};
		8C024DD229C97C67005788BF /* FirebaseStorage */ = {
			isa = XCSwiftPackageProductDependency;
			package = 8C024DCB29C97C67005788BF /* XCRemoteSwiftPackageReference "firebase-ios-sdk" */;
			productName = FirebaseStorage;
		};
		8C886FB229D5C4FC008117AC /* SDWebImageSwiftUI */ = {
			isa = XCSwiftPackageProductDependency;
			package = 8C886FB129D5C4FC008117AC /* XCRemoteSwiftPackageReference "SDWebImageSwiftUI" */;
			productName = SDWebImageSwiftUI;
		};
		8CBB344729BF3DE300B98E4A /* GoogleSignIn */ = {
			isa = XCSwiftPackageProductDependency;
			package = 8CBB344629BF3DE300B98E4A /* XCRemoteSwiftPackageReference "GoogleSignIn-iOS" */;
			productName = GoogleSignIn;
		};
		8CBB344929BF3DE300B98E4A /* GoogleSignInSwift */ = {
			isa = XCSwiftPackageProductDependency;
			package = 8CBB344629BF3DE300B98E4A /* XCRemoteSwiftPackageReference "GoogleSignIn-iOS" */;
			productName = GoogleSignInSwift;
		};
/* End XCSwiftPackageProductDependency section */
	};
	rootObject = 8CBB340B29BEF93F00B98E4A /* Project object */;
}
